
Microsoft Visual Studio Solution File, Format Version 12.00
# Visual Studio Version 17
VisualStudioVersion = 17.5.33516.290
MinimumVisualStudioVersion = 10.0.40219.1
Project("{FAE04EC0-301F-11D3-BF4B-00C04F79EFBC}") = "SudokuGame", "SudokuGame\SudokuGame.csproj", "{216899D8-ED03-4C59-9689-A0EA4CEFE659}"
EndProject
Global
	GlobalSection(SolutionConfigurationPlatforms) = preSolution
		Debug|Any CPU = Debug|Any CPU
		Release|Any CPU = Release|Any CPU
	EndGlobalSection
	GlobalSection(ProjectConfigurationPlatforms) = postSolution
		{216899D8-ED03-4C59-9689-A0EA4CEFE659}.Debug|Any CPU.ActiveCfg = Debug|Any CPU
		{216899D8-ED03-4C59-9689-A0EA4CEFE659}.Debug|Any CPU.Build.0 = Debug|Any CPU
		{216899D8-ED03-4C59-9689-A0EA4CEFE659}.Release|Any CPU.ActiveCfg = Release|Any CPU
		{216899D8-ED03-4C59-9689-A0EA4CEFE659}.Release|Any CPU.Build.0 = Release|Any CPU
	EndGlobalSection
	GlobalSection(SolutionProperties) = preSolution
		HideSolutionNode = FALSE
	EndGlobalSection
	GlobalSection(ExtensibilityGlobals) = postSolution
		SolutionGuid = {4A851190-B044-4D4F-8A17-1C1F19EA546E}
	EndGlobalSection
EndGlobal
